// !$*UTF8*$!
{
	archiveVersion = 1;
	classes = {
	};
	objectVersion = 51;
	objects = {

/* Begin PBXBuildFile section */
		52C4556CB60C75B17C3419D7 /* Pods_UnitTestingWithQuick_UnitTestingWithQuickUITests.framework in Frameworks */ = {isa = PBXBuildFile; fileRef = ADC02E95AF2D546924C7145D /* Pods_UnitTestingWithQuick_UnitTestingWithQuickUITests.framework */; };
		6513E1BB709D22829D4D016F /* Pods_UnitTestingWithQuick.framework in Frameworks */ = {isa = PBXBuildFile; fileRef = 40D40AC8777A7CA4ED076C1D /* Pods_UnitTestingWithQuick.framework */; };
		F73EC68C772A133AB4E86648 /* Pods_UnitTestingWithQuickTests.framework in Frameworks */ = {isa = PBXBuildFile; fileRef = 0989F9F05E5F5957D0B64277 /* Pods_UnitTestingWithQuickTests.framework */; };
		F8AE296B24152A2F007BCC0A /* AppDelegate.swift in Sources */ = {isa = PBXBuildFile; fileRef = F8AE296A24152A2F007BCC0A /* AppDelegate.swift */; };
		F8AE296D24152A2F007BCC0A /* SceneDelegate.swift in Sources */ = {isa = PBXBuildFile; fileRef = F8AE296C24152A2F007BCC0A /* SceneDelegate.swift */; };
		F8AE296F24152A2F007BCC0A /* ViewController.swift in Sources */ = {isa = PBXBuildFile; fileRef = F8AE296E24152A2F007BCC0A /* ViewController.swift */; };
		F8AE297224152A2F007BCC0A /* Main.storyboard in Resources */ = {isa = PBXBuildFile; fileRef = F8AE297024152A2F007BCC0A /* Main.storyboard */; };
		F8AE297424152A30007BCC0A /* Assets.xcassets in Resources */ = {isa = PBXBuildFile; fileRef = F8AE297324152A30007BCC0A /* Assets.xcassets */; };
		F8AE297724152A30007BCC0A /* LaunchScreen.storyboard in Resources */ = {isa = PBXBuildFile; fileRef = F8AE297524152A30007BCC0A /* LaunchScreen.storyboard */; };
		F8AE298224152A30007BCC0A /* UnitTestingWithQuickTests.swift in Sources */ = {isa = PBXBuildFile; fileRef = F8AE298124152A30007BCC0A /* UnitTestingWithQuickTests.swift */; };
		F8AE298D24152A30007BCC0A /* UnitTestingWithQuickUITests.swift in Sources */ = {isa = PBXBuildFile; fileRef = F8AE298C24152A30007BCC0A /* UnitTestingWithQuickUITests.swift */; };
/* End PBXBuildFile section */

/* Begin PBXContainerItemProxy section */
		F8AE297E24152A30007BCC0A /* PBXContainerItemProxy */ = {
			isa = PBXContainerItemProxy;
			containerPortal = F8AE295F24152A2F007BCC0A /* Project object */;
			proxyType = 1;
			remoteGlobalIDString = F8AE296624152A2F007BCC0A;
			remoteInfo = UnitTestingWithQuickAndNimble;
		};
		F8AE298924152A30007BCC0A /* PBXContainerItemProxy */ = {
			isa = PBXContainerItemProxy;
			containerPortal = F8AE295F24152A2F007BCC0A /* Project object */;
			proxyType = 1;
			remoteGlobalIDString = F8AE296624152A2F007BCC0A;
			remoteInfo = UnitTestingWithQuickAndNimble;
		};
/* End PBXContainerItemProxy section */

/* Begin PBXFileReference section */
		0989F9F05E5F5957D0B64277 /* Pods_UnitTestingWithQuickTests.framework */ = {isa = PBXFileReference; explicitFileType = wrapper.framework; includeInIndex = 0; path = Pods_UnitTestingWithQuickTests.framework; sourceTree = BUILT_PRODUCTS_DIR; };
		40D40AC8777A7CA4ED076C1D /* Pods_UnitTestingWithQuick.framework */ = {isa = PBXFileReference; explicitFileType = wrapper.framework; includeInIndex = 0; path = Pods_UnitTestingWithQuick.framework; sourceTree = BUILT_PRODUCTS_DIR; };
		68A4F90A8255F4E8ACB5AE80 /* Pods-UnitTestingWithQuick-UnitTestingWithQuickUITests.debug.xcconfig */ = {isa = PBXFileReference; includeInIndex = 1; lastKnownFileType = text.xcconfig; name = "Pods-UnitTestingWithQuick-UnitTestingWithQuickUITests.debug.xcconfig"; path = "Target Support Files/Pods-UnitTestingWithQuick-UnitTestingWithQuickUITests/Pods-UnitTestingWithQuick-UnitTestingWithQuickUITests.debug.xcconfig"; sourceTree = "<group>"; };
		809938341C5917234DBCE22C /* Pods-UnitTestingWithQuick.release.xcconfig */ = {isa = PBXFileReference; includeInIndex = 1; lastKnownFileType = text.xcconfig; name = "Pods-UnitTestingWithQuick.release.xcconfig"; path = "Target Support Files/Pods-UnitTestingWithQuick/Pods-UnitTestingWithQuick.release.xcconfig"; sourceTree = "<group>"; };
		8E6A39D41236A6D71FFBF5F6 /* Pods-UnitTestingWithQuickTests.release.xcconfig */ = {isa = PBXFileReference; includeInIndex = 1; lastKnownFileType = text.xcconfig; name = "Pods-UnitTestingWithQuickTests.release.xcconfig"; path = "Target Support Files/Pods-UnitTestingWithQuickTests/Pods-UnitTestingWithQuickTests.release.xcconfig"; sourceTree = "<group>"; };
		9C6A4397EA301965F4580EF7 /* Pods-UnitTestingWithQuick-UnitTestingWithQuickUITests.release.xcconfig */ = {isa = PBXFileReference; includeInIndex = 1; lastKnownFileType = text.xcconfig; name = "Pods-UnitTestingWithQuick-UnitTestingWithQuickUITests.release.xcconfig"; path = "Target Support Files/Pods-UnitTestingWithQuick-UnitTestingWithQuickUITests/Pods-UnitTestingWithQuick-UnitTestingWithQuickUITests.release.xcconfig"; sourceTree = "<group>"; };
		A2619FFB7B642017F483D2F7 /* Pods-UnitTestingWithQuickTests.debug.xcconfig */ = {isa = PBXFileReference; includeInIndex = 1; lastKnownFileType = text.xcconfig; name = "Pods-UnitTestingWithQuickTests.debug.xcconfig"; path = "Target Support Files/Pods-UnitTestingWithQuickTests/Pods-UnitTestingWithQuickTests.debug.xcconfig"; sourceTree = "<group>"; };
		ADC02E95AF2D546924C7145D /* Pods_UnitTestingWithQuick_UnitTestingWithQuickUITests.framework */ = {isa = PBXFileReference; explicitFileType = wrapper.framework; includeInIndex = 0; path = Pods_UnitTestingWithQuick_UnitTestingWithQuickUITests.framework; sourceTree = BUILT_PRODUCTS_DIR; };
		BA750A40676E158786057381 /* Pods-UnitTestingWithQuick.debug.xcconfig */ = {isa = PBXFileReference; includeInIndex = 1; lastKnownFileType = text.xcconfig; name = "Pods-UnitTestingWithQuick.debug.xcconfig"; path = "Target Support Files/Pods-UnitTestingWithQuick/Pods-UnitTestingWithQuick.debug.xcconfig"; sourceTree = "<group>"; };
		F8AE296724152A2F007BCC0A /* UnitTestingWithQuick.app */ = {isa = PBXFileReference; explicitFileType = wrapper.application; includeInIndex = 0; path = UnitTestingWithQuick.app; sourceTree = BUILT_PRODUCTS_DIR; };
		F8AE296A24152A2F007BCC0A /* AppDelegate.swift */ = {isa = PBXFileReference; lastKnownFileType = sourcecode.swift; path = AppDelegate.swift; sourceTree = "<group>"; };
		F8AE296C24152A2F007BCC0A /* SceneDelegate.swift */ = {isa = PBXFileReference; lastKnownFileType = sourcecode.swift; path = SceneDelegate.swift; sourceTree = "<group>"; };
		F8AE296E24152A2F007BCC0A /* ViewController.swift */ = {isa = PBXFileReference; lastKnownFileType = sourcecode.swift; path = ViewController.swift; sourceTree = "<group>"; };
		F8AE297124152A2F007BCC0A /* Base */ = {isa = PBXFileReference; lastKnownFileType = file.storyboard; name = Base; path = Base.lproj/Main.storyboard; sourceTree = "<group>"; };
		F8AE297324152A30007BCC0A /* Assets.xcassets */ = {isa = PBXFileReference; lastKnownFileType = folder.assetcatalog; path = Assets.xcassets; sourceTree = "<group>"; };
		F8AE297624152A30007BCC0A /* Base */ = {isa = PBXFileReference; lastKnownFileType = file.storyboard; name = Base; path = Base.lproj/LaunchScreen.storyboard; sourceTree = "<group>"; };
		F8AE297824152A30007BCC0A /* Info.plist */ = {isa = PBXFileReference; lastKnownFileType = text.plist.xml; path = Info.plist; sourceTree = "<group>"; };
		F8AE297D24152A30007BCC0A /* UnitTestingWithQuickTests.xctest */ = {isa = PBXFileReference; explicitFileType = wrapper.cfbundle; includeInIndex = 0; path = UnitTestingWithQuickTests.xctest; sourceTree = BUILT_PRODUCTS_DIR; };
		F8AE298124152A30007BCC0A /* UnitTestingWithQuickTests.swift */ = {isa = PBXFileReference; lastKnownFileType = sourcecode.swift; path = UnitTestingWithQuickTests.swift; sourceTree = "<group>"; };
		F8AE298324152A30007BCC0A /* Info.plist */ = {isa = PBXFileReference; lastKnownFileType = text.plist.xml; path = Info.plist; sourceTree = "<group>"; };
		F8AE298824152A30007BCC0A /* UnitTestingWithQuickUITests.xctest */ = {isa = PBXFileReference; explicitFileType = wrapper.cfbundle; includeInIndex = 0; path = UnitTestingWithQuickUITests.xctest; sourceTree = BUILT_PRODUCTS_DIR; };
		F8AE298C24152A30007BCC0A /* UnitTestingWithQuickUITests.swift */ = {isa = PBXFileReference; lastKnownFileType = sourcecode.swift; path = UnitTestingWithQuickUITests.swift; sourceTree = "<group>"; };
		F8AE298E24152A30007BCC0A /* Info.plist */ = {isa = PBXFileReference; lastKnownFileType = text.plist.xml; path = Info.plist; sourceTree = "<group>"; };
/* End PBXFileReference section */

/* Begin PBXFrameworksBuildPhase section */
		F8AE296424152A2F007BCC0A /* Frameworks */ = {
			isa = PBXFrameworksBuildPhase;
			buildActionMask = 2147483647;
			files = (
				6513E1BB709D22829D4D016F /* Pods_UnitTestingWithQuick.framework in Frameworks */,
			);
			runOnlyForDeploymentPostprocessing = 0;
		};
		F8AE297A24152A30007BCC0A /* Frameworks */ = {
			isa = PBXFrameworksBuildPhase;
			buildActionMask = 2147483647;
			files = (
				F73EC68C772A133AB4E86648 /* Pods_UnitTestingWithQuickTests.framework in Frameworks */,
			);
			runOnlyForDeploymentPostprocessing = 0;
		};
		F8AE298524152A30007BCC0A /* Frameworks */ = {
			isa = PBXFrameworksBuildPhase;
			buildActionMask = 2147483647;
			files = (
				52C4556CB60C75B17C3419D7 /* Pods_UnitTestingWithQuick_UnitTestingWithQuickUITests.framework in Frameworks */,
			);
			runOnlyForDeploymentPostprocessing = 0;
		};
/* End PBXFrameworksBuildPhase section */

/* Begin PBXGroup section */
		57C6149B12578D88A1B9B01A /* Frameworks */ = {
			isa = PBXGroup;
			children = (
				40D40AC8777A7CA4ED076C1D /* Pods_UnitTestingWithQuick.framework */,
				ADC02E95AF2D546924C7145D /* Pods_UnitTestingWithQuick_UnitTestingWithQuickUITests.framework */,
				0989F9F05E5F5957D0B64277 /* Pods_UnitTestingWithQuickTests.framework */,
			);
			name = Frameworks;
			sourceTree = "<group>";
		};
		D23848B87FD2212695E8C62A /* Pods */ = {
			isa = PBXGroup;
			children = (
				BA750A40676E158786057381 /* Pods-UnitTestingWithQuick.debug.xcconfig */,
				809938341C5917234DBCE22C /* Pods-UnitTestingWithQuick.release.xcconfig */,
				68A4F90A8255F4E8ACB5AE80 /* Pods-UnitTestingWithQuick-UnitTestingWithQuickUITests.debug.xcconfig */,
				9C6A4397EA301965F4580EF7 /* Pods-UnitTestingWithQuick-UnitTestingWithQuickUITests.release.xcconfig */,
				A2619FFB7B642017F483D2F7 /* Pods-UnitTestingWithQuickTests.debug.xcconfig */,
				8E6A39D41236A6D71FFBF5F6 /* Pods-UnitTestingWithQuickTests.release.xcconfig */,
			);
			path = Pods;
			sourceTree = "<group>";
		};
		F8AE295E24152A2F007BCC0A = {
			isa = PBXGroup;
			children = (
				F8AE296924152A2F007BCC0A /* UnitTestingWithQuick */,
				F8AE298024152A30007BCC0A /* UnitTestingWithQuickTests */,
				F8AE298B24152A30007BCC0A /* UnitTestingWithQuickUITests */,
				F8AE296824152A2F007BCC0A /* Products */,
				D23848B87FD2212695E8C62A /* Pods */,
				57C6149B12578D88A1B9B01A /* Frameworks */,
			);
			sourceTree = "<group>";
		};
		F8AE296824152A2F007BCC0A /* Products */ = {
			isa = PBXGroup;
			children = (
				F8AE296724152A2F007BCC0A /* UnitTestingWithQuick.app */,
				F8AE297D24152A30007BCC0A /* UnitTestingWithQuickTests.xctest */,
				F8AE298824152A30007BCC0A /* UnitTestingWithQuickUITests.xctest */,
			);
			name = Products;
			sourceTree = "<group>";
		};
		F8AE296924152A2F007BCC0A /* UnitTestingWithQuick */ = {
			isa = PBXGroup;
			children = (
				F8AE296A24152A2F007BCC0A /* AppDelegate.swift */,
				F8AE296C24152A2F007BCC0A /* SceneDelegate.swift */,
				F8AE296E24152A2F007BCC0A /* ViewController.swift */,
				F8AE297024152A2F007BCC0A /* Main.storyboard */,
				F8AE297324152A30007BCC0A /* Assets.xcassets */,
				F8AE297524152A30007BCC0A /* LaunchScreen.storyboard */,
				F8AE297824152A30007BCC0A /* Info.plist */,
			);
			path = UnitTestingWithQuick;
			sourceTree = "<group>";
		};
		F8AE298024152A30007BCC0A /* UnitTestingWithQuickTests */ = {
			isa = PBXGroup;
			children = (
				F8AE298124152A30007BCC0A /* UnitTestingWithQuickTests.swift */,
				F8AE298324152A30007BCC0A /* Info.plist */,
			);
			path = UnitTestingWithQuickTests;
			sourceTree = "<group>";
		};
		F8AE298B24152A30007BCC0A /* UnitTestingWithQuickUITests */ = {
			isa = PBXGroup;
			children = (
				F8AE298C24152A30007BCC0A /* UnitTestingWithQuickUITests.swift */,
				F8AE298E24152A30007BCC0A /* Info.plist */,
			);
			path = UnitTestingWithQuickUITests;
			sourceTree = "<group>";
		};
/* End PBXGroup section */

/* Begin PBXNativeTarget section */
		F8AE296624152A2F007BCC0A /* UnitTestingWithQuick */ = {
			isa = PBXNativeTarget;
			buildConfigurationList = F8AE299124152A30007BCC0A /* Build configuration list for PBXNativeTarget "UnitTestingWithQuick" */;
			buildPhases = (
				CD24F0C4C3F26C33E6EAC927 /* [CP] Check Pods Manifest.lock */,
				F8AE296324152A2F007BCC0A /* Sources */,
				F8AE296424152A2F007BCC0A /* Frameworks */,
				F8AE296524152A2F007BCC0A /* Resources */,
			);
			buildRules = (
			);
			dependencies = (
			);
			name = UnitTestingWithQuick;
			productName = UnitTestingWithQuickAndNimble;
			productReference = F8AE296724152A2F007BCC0A /* UnitTestingWithQuick.app */;
			productType = "com.apple.product-type.application";
		};
		F8AE297C24152A30007BCC0A /* UnitTestingWithQuickTests */ = {
			isa = PBXNativeTarget;
			buildConfigurationList = F8AE299424152A30007BCC0A /* Build configuration list for PBXNativeTarget "UnitTestingWithQuickTests" */;
			buildPhases = (
				3E8C48164C08CC392E61E5C5 /* [CP] Check Pods Manifest.lock */,
				F8AE297924152A30007BCC0A /* Sources */,
				F8AE297A24152A30007BCC0A /* Frameworks */,
				F8AE297B24152A30007BCC0A /* Resources */,
				21FE71BE38DA96F4BBDF3D45 /* [CP] Embed Pods Frameworks */,
			);
			buildRules = (
			);
			dependencies = (
				F8AE297F24152A30007BCC0A /* PBXTargetDependency */,
			);
			name = UnitTestingWithQuickTests;
			productName = UnitTestingWithQuickAndNimbleTests;
			productReference = F8AE297D24152A30007BCC0A /* UnitTestingWithQuickTests.xctest */;
			productType = "com.apple.product-type.bundle.unit-test";
		};
		F8AE298724152A30007BCC0A /* UnitTestingWithQuickUITests */ = {
			isa = PBXNativeTarget;
			buildConfigurationList = F8AE299724152A30007BCC0A /* Build configuration list for PBXNativeTarget "UnitTestingWithQuickUITests" */;
			buildPhases = (
				890453B6DAFF5795420107BF /* [CP] Check Pods Manifest.lock */,
				F8AE298424152A30007BCC0A /* Sources */,
				F8AE298524152A30007BCC0A /* Frameworks */,
				F8AE298624152A30007BCC0A /* Resources */,
			);
			buildRules = (
			);
			dependencies = (
				F8AE298A24152A30007BCC0A /* PBXTargetDependency */,
			);
			name = UnitTestingWithQuickUITests;
			productName = UnitTestingWithQuickAndNimbleUITests;
			productReference = F8AE298824152A30007BCC0A /* UnitTestingWithQuickUITests.xctest */;
			productType = "com.apple.product-type.bundle.ui-testing";
		};
/* End PBXNativeTarget section */

/* Begin PBXProject section */
		F8AE295F24152A2F007BCC0A /* Project object */ = {
			isa = PBXProject;
			attributes = {
				LastSwiftUpdateCheck = 1140;
				LastUpgradeCheck = 1140;
				ORGANIZATIONNAME = "Ben Chatelain";
				TargetAttributes = {
					F8AE296624152A2F007BCC0A = {
						CreatedOnToolsVersion = 11.4;
					};
					F8AE297C24152A30007BCC0A = {
						CreatedOnToolsVersion = 11.4;
						TestTargetID = F8AE296624152A2F007BCC0A;
					};
					F8AE298724152A30007BCC0A = {
						CreatedOnToolsVersion = 11.4;
						TestTargetID = F8AE296624152A2F007BCC0A;
					};
				};
			};
			buildConfigurationList = F8AE296224152A2F007BCC0A /* Build configuration list for PBXProject "UnitTestingWithQuick" */;
			compatibilityVersion = "Xcode 9.3";
			developmentRegion = en;
			hasScannedForEncodings = 0;
			knownRegions = (
				en,
				Base,
			);
			mainGroup = F8AE295E24152A2F007BCC0A;
			productRefGroup = F8AE296824152A2F007BCC0A /* Products */;
			projectDirPath = "";
			projectRoot = "";
			targets = (
				F8AE296624152A2F007BCC0A /* UnitTestingWithQuick */,
				F8AE297C24152A30007BCC0A /* UnitTestingWithQuickTests */,
				F8AE298724152A30007BCC0A /* UnitTestingWithQuickUITests */,
			);
		};
/* End PBXProject section */

/* Begin PBXResourcesBuildPhase section */
		F8AE296524152A2F007BCC0A /* Resources */ = {
			isa = PBXResourcesBuildPhase;
			buildActionMask = 2147483647;
			files = (
				F8AE297724152A30007BCC0A /* LaunchScreen.storyboard in Resources */,
				F8AE297424152A30007BCC0A /* Assets.xcassets in Resources */,
				F8AE297224152A2F007BCC0A /* Main.storyboard in Resources */,
			);
			runOnlyForDeploymentPostprocessing = 0;
		};
		F8AE297B24152A30007BCC0A /* Resources */ = {
			isa = PBXResourcesBuildPhase;
			buildActionMask = 2147483647;
			files = (
			);
			runOnlyForDeploymentPostprocessing = 0;
		};
		F8AE298624152A30007BCC0A /* Resources */ = {
			isa = PBXResourcesBuildPhase;
			buildActionMask = 2147483647;
			files = (
			);
			runOnlyForDeploymentPostprocessing = 0;
		};
/* End PBXResourcesBuildPhase section */

/* Begin PBXShellScriptBuildPhase section */
		21FE71BE38DA96F4BBDF3D45 /* [CP] Embed Pods Frameworks */ = {
			isa = PBXShellScriptBuildPhase;
			buildActionMask = 2147483647;
			files = (
			);
			inputFileListPaths = (
				"${PODS_ROOT}/Target Support Files/Pods-UnitTestingWithQuickTests/Pods-UnitTestingWithQuickTests-frameworks-${CONFIGURATION}-input-files.xcfilelist",
			);
			name = "[CP] Embed Pods Frameworks";
			outputFileListPaths = (
				"${PODS_ROOT}/Target Support Files/Pods-UnitTestingWithQuickTests/Pods-UnitTestingWithQuickTests-frameworks-${CONFIGURATION}-output-files.xcfilelist",
			);
			runOnlyForDeploymentPostprocessing = 0;
			shellPath = /bin/sh;
			shellScript = "\"${PODS_ROOT}/Target Support Files/Pods-UnitTestingWithQuickTests/Pods-UnitTestingWithQuickTests-frameworks.sh\"\n";
			showEnvVarsInLog = 0;
		};
		3E8C48164C08CC392E61E5C5 /* [CP] Check Pods Manifest.lock */ = {
			isa = PBXShellScriptBuildPhase;
			buildActionMask = 2147483647;
			files = (
			);
			inputFileListPaths = (
			);
			inputPaths = (
				"${PODS_PODFILE_DIR_PATH}/Podfile.lock",
				"${PODS_ROOT}/Manifest.lock",
			);
			name = "[CP] Check Pods Manifest.lock";
			outputFileListPaths = (
			);
			outputPaths = (
				"$(DERIVED_FILE_DIR)/Pods-UnitTestingWithQuickTests-checkManifestLockResult.txt",
			);
			runOnlyForDeploymentPostprocessing = 0;
			shellPath = /bin/sh;
			shellScript = "diff \"${PODS_PODFILE_DIR_PATH}/Podfile.lock\" \"${PODS_ROOT}/Manifest.lock\" > /dev/null\nif [ $? != 0 ] ; then\n    # print error to STDERR\n    echo \"error: The sandbox is not in sync with the Podfile.lock. Run 'pod install' or update your CocoaPods installation.\" >&2\n    exit 1\nfi\n# This output is used by Xcode 'outputs' to avoid re-running this script phase.\necho \"SUCCESS\" > \"${SCRIPT_OUTPUT_FILE_0}\"\n";
			showEnvVarsInLog = 0;
		};
		890453B6DAFF5795420107BF /* [CP] Check Pods Manifest.lock */ = {
			isa = PBXShellScriptBuildPhase;
			buildActionMask = 2147483647;
			files = (
			);
			inputFileListPaths = (
			);
			inputPaths = (
				"${PODS_PODFILE_DIR_PATH}/Podfile.lock",
				"${PODS_ROOT}/Manifest.lock",
			);
			name = "[CP] Check Pods Manifest.lock";
			outputFileListPaths = (
			);
			outputPaths = (
				"$(DERIVED_FILE_DIR)/Pods-UnitTestingWithQuick-UnitTestingWithQuickUITests-checkManifestLockResult.txt",
			);
			runOnlyForDeploymentPostprocessing = 0;
			shellPath = /bin/sh;
			shellScript = "diff \"${PODS_PODFILE_DIR_PATH}/Podfile.lock\" \"${PODS_ROOT}/Manifest.lock\" > /dev/null\nif [ $? != 0 ] ; then\n    # print error to STDERR\n    echo \"error: The sandbox is not in sync with the Podfile.lock. Run 'pod install' or update your CocoaPods installation.\" >&2\n    exit 1\nfi\n# This output is used by Xcode 'outputs' to avoid re-running this script phase.\necho \"SUCCESS\" > \"${SCRIPT_OUTPUT_FILE_0}\"\n";
			showEnvVarsInLog = 0;
		};
		CD24F0C4C3F26C33E6EAC927 /* [CP] Check Pods Manifest.lock */ = {
			isa = PBXShellScriptBuildPhase;
			buildActionMask = 2147483647;
			files = (
			);
			inputFileListPaths = (
			);
			inputPaths = (
				"${PODS_PODFILE_DIR_PATH}/Podfile.lock",
				"${PODS_ROOT}/Manifest.lock",
			);
			name = "[CP] Check Pods Manifest.lock";
			outputFileListPaths = (
			);
			outputPaths = (
				"$(DERIVED_FILE_DIR)/Pods-UnitTestingWithQuick-checkManifestLockResult.txt",
			);
			runOnlyForDeploymentPostprocessing = 0;
			shellPath = /bin/sh;
			shellScript = "diff \"${PODS_PODFILE_DIR_PATH}/Podfile.lock\" \"${PODS_ROOT}/Manifest.lock\" > /dev/null\nif [ $? != 0 ] ; then\n    # print error to STDERR\n    echo \"error: The sandbox is not in sync with the Podfile.lock. Run 'pod install' or update your CocoaPods installation.\" >&2\n    exit 1\nfi\n# This output is used by Xcode 'outputs' to avoid re-running this script phase.\necho \"SUCCESS\" > \"${SCRIPT_OUTPUT_FILE_0}\"\n";
			showEnvVarsInLog = 0;
		};
/* End PBXShellScriptBuildPhase section */

/* Begin PBXSourcesBuildPhase section */
		F8AE296324152A2F007BCC0A /* Sources */ = {
			isa = PBXSourcesBuildPhase;
			buildActionMask = 2147483647;
			files = (
				F8AE296F24152A2F007BCC0A /* ViewController.swift in Sources */,
				F8AE296B24152A2F007BCC0A /* AppDelegate.swift in Sources */,
				F8AE296D24152A2F007BCC0A /* SceneDelegate.swift in Sources */,
			);
			runOnlyForDeploymentPostprocessing = 0;
		};
		F8AE297924152A30007BCC0A /* Sources */ = {
			isa = PBXSourcesBuildPhase;
			buildActionMask = 2147483647;
			files = (
				F8AE298224152A30007BCC0A /* UnitTestingWithQuickTests.swift in Sources */,
			);
			runOnlyForDeploymentPostprocessing = 0;
		};
		F8AE298424152A30007BCC0A /* Sources */ = {
			isa = PBXSourcesBuildPhase;
			buildActionMask = 2147483647;
			files = (
				F8AE298D24152A30007BCC0A /* UnitTestingWithQuickUITests.swift in Sources */,
			);
			runOnlyForDeploymentPostprocessing = 0;
		};
/* End PBXSourcesBuildPhase section */

/* Begin PBXTargetDependency section */
		F8AE297F24152A30007BCC0A /* PBXTargetDependency */ = {
			isa = PBXTargetDependency;
			target = F8AE296624152A2F007BCC0A /* UnitTestingWithQuick */;
			targetProxy = F8AE297E24152A30007BCC0A /* PBXContainerItemProxy */;
		};
		F8AE298A24152A30007BCC0A /* PBXTargetDependency */ = {
			isa = PBXTargetDependency;
			target = F8AE296624152A2F007BCC0A /* UnitTestingWithQuick */;
			targetProxy = F8AE298924152A30007BCC0A /* PBXContainerItemProxy */;
		};
/* End PBXTargetDependency section */

/* Begin PBXVariantGroup section */
		F8AE297024152A2F007BCC0A /* Main.storyboard */ = {
			isa = PBXVariantGroup;
			children = (
				F8AE297124152A2F007BCC0A /* Base */,
			);
			name = Main.storyboard;
			sourceTree = "<group>";
		};
		F8AE297524152A30007BCC0A /* LaunchScreen.storyboard */ = {
			isa = PBXVariantGroup;
			children = (
				F8AE297624152A30007BCC0A /* Base */,
			);
			name = LaunchScreen.storyboard;
			sourceTree = "<group>";
		};
/* End PBXVariantGroup section */

/* Begin XCBuildConfiguration section */
		F8AE298F24152A30007BCC0A /* Debug */ = {
			isa = XCBuildConfiguration;
			buildSettings = {
				ALWAYS_SEARCH_USER_PATHS = NO;
				CLANG_ANALYZER_NONNULL = YES;
				CLANG_ANALYZER_NUMBER_OBJECT_CONVERSION = YES_AGGRESSIVE;
				CLANG_CXX_LANGUAGE_STANDARD = "gnu++14";
				CLANG_CXX_LIBRARY = "libc++";
				CLANG_ENABLE_MODULES = YES;
				CLANG_ENABLE_OBJC_ARC = YES;
				CLANG_ENABLE_OBJC_WEAK = YES;
				CLANG_WARN_BLOCK_CAPTURE_AUTORELEASING = YES;
				CLANG_WARN_BOOL_CONVERSION = YES;
				CLANG_WARN_COMMA = YES;
				CLANG_WARN_CONSTANT_CONVERSION = YES;
				CLANG_WARN_DEPRECATED_OBJC_IMPLEMENTATIONS = YES;
				CLANG_WARN_DIRECT_OBJC_ISA_USAGE = YES_ERROR;
				CLANG_WARN_DOCUMENTATION_COMMENTS = YES;
				CLANG_WARN_EMPTY_BODY = YES;
				CLANG_WARN_ENUM_CONVERSION = YES;
				CLANG_WARN_INFINITE_RECURSION = YES;
				CLANG_WARN_INT_CONVERSION = YES;
				CLANG_WARN_NON_LITERAL_NULL_CONVERSION = YES;
				CLANG_WARN_OBJC_IMPLICIT_RETAIN_SELF = YES;
				CLANG_WARN_OBJC_LITERAL_CONVERSION = YES;
				CLANG_WARN_OBJC_ROOT_CLASS = YES_ERROR;
				CLANG_WARN_RANGE_LOOP_ANALYSIS = YES;
				CLANG_WARN_STRICT_PROTOTYPES = YES;
				CLANG_WARN_SUSPICIOUS_MOVE = YES;
				CLANG_WARN_UNGUARDED_AVAILABILITY = YES_AGGRESSIVE;
				CLANG_WARN_UNREACHABLE_CODE = YES;
				CLANG_WARN__DUPLICATE_METHOD_MATCH = YES;
				COPY_PHASE_STRIP = NO;
				DEBUG_INFORMATION_FORMAT = dwarf;
				ENABLE_STRICT_OBJC_MSGSEND = YES;
				ENABLE_TESTABILITY = YES;
				GCC_C_LANGUAGE_STANDARD = gnu11;
				GCC_DYNAMIC_NO_PIC = NO;
				GCC_NO_COMMON_BLOCKS = YES;
				GCC_OPTIMIZATION_LEVEL = 0;
				GCC_PREPROCESSOR_DEFINITIONS = (
					"DEBUG=1",
					"$(inherited)",
				);
				GCC_WARN_64_TO_32_BIT_CONVERSION = YES;
				GCC_WARN_ABOUT_RETURN_TYPE = YES_ERROR;
				GCC_WARN_UNDECLARED_SELECTOR = YES;
				GCC_WARN_UNINITIALIZED_AUTOS = YES_AGGRESSIVE;
				GCC_WARN_UNUSED_FUNCTION = YES;
				GCC_WARN_UNUSED_VARIABLE = YES;
				IPHONEOS_DEPLOYMENT_TARGET = 13.4;
				MTL_ENABLE_DEBUG_INFO = INCLUDE_SOURCE;
				MTL_FAST_MATH = YES;
				ONLY_ACTIVE_ARCH = YES;
				SDKROOT = iphoneos;
				SWIFT_ACTIVE_COMPILATION_CONDITIONS = DEBUG;
				SWIFT_OPTIMIZATION_LEVEL = "-Onone";
			};
			name = Debug;
		};
		F8AE299024152A30007BCC0A /* Release */ = {
			isa = XCBuildConfiguration;
			buildSettings = {
				ALWAYS_SEARCH_USER_PATHS = NO;
				CLANG_ANALYZER_NONNULL = YES;
				CLANG_ANALYZER_NUMBER_OBJECT_CONVERSION = YES_AGGRESSIVE;
				CLANG_CXX_LANGUAGE_STANDARD = "gnu++14";
				CLANG_CXX_LIBRARY = "libc++";
				CLANG_ENABLE_MODULES = YES;
				CLANG_ENABLE_OBJC_ARC = YES;
				CLANG_ENABLE_OBJC_WEAK = YES;
				CLANG_WARN_BLOCK_CAPTURE_AUTORELEASING = YES;
				CLANG_WARN_BOOL_CONVERSION = YES;
				CLANG_WARN_COMMA = YES;
				CLANG_WARN_CONSTANT_CONVERSION = YES;
				CLANG_WARN_DEPRECATED_OBJC_IMPLEMENTATIONS = YES;
				CLANG_WARN_DIRECT_OBJC_ISA_USAGE = YES_ERROR;
				CLANG_WARN_DOCUMENTATION_COMMENTS = YES;
				CLANG_WARN_EMPTY_BODY = YES;
				CLANG_WARN_ENUM_CONVERSION = YES;
				CLANG_WARN_INFINITE_RECURSION = YES;
				CLANG_WARN_INT_CONVERSION = YES;
				CLANG_WARN_NON_LITERAL_NULL_CONVERSION = YES;
				CLANG_WARN_OBJC_IMPLICIT_RETAIN_SELF = YES;
				CLANG_WARN_OBJC_LITERAL_CONVERSION = YES;
				CLANG_WARN_OBJC_ROOT_CLASS = YES_ERROR;
				CLANG_WARN_RANGE_LOOP_ANALYSIS = YES;
				CLANG_WARN_STRICT_PROTOTYPES = YES;
				CLANG_WARN_SUSPICIOUS_MOVE = YES;
				CLANG_WARN_UNGUARDED_AVAILABILITY = YES_AGGRESSIVE;
				CLANG_WARN_UNREACHABLE_CODE = YES;
				CLANG_WARN__DUPLICATE_METHOD_MATCH = YES;
				COPY_PHASE_STRIP = NO;
				DEBUG_INFORMATION_FORMAT = "dwarf-with-dsym";
				ENABLE_NS_ASSERTIONS = NO;
				ENABLE_STRICT_OBJC_MSGSEND = YES;
				GCC_C_LANGUAGE_STANDARD = gnu11;
				GCC_NO_COMMON_BLOCKS = YES;
				GCC_WARN_64_TO_32_BIT_CONVERSION = YES;
				GCC_WARN_ABOUT_RETURN_TYPE = YES_ERROR;
				GCC_WARN_UNDECLARED_SELECTOR = YES;
				GCC_WARN_UNINITIALIZED_AUTOS = YES_AGGRESSIVE;
				GCC_WARN_UNUSED_FUNCTION = YES;
				GCC_WARN_UNUSED_VARIABLE = YES;
				IPHONEOS_DEPLOYMENT_TARGET = 13.4;
				MTL_ENABLE_DEBUG_INFO = NO;
				MTL_FAST_MATH = YES;
				SDKROOT = iphoneos;
				SWIFT_COMPILATION_MODE = wholemodule;
				SWIFT_OPTIMIZATION_LEVEL = "-O";
				VALIDATE_PRODUCT = YES;
			};
			name = Release;
		};
		F8AE299224152A30007BCC0A /* Debug */ = {
			isa = XCBuildConfiguration;
			baseConfigurationReference = BA750A40676E158786057381 /* Pods-UnitTestingWithQuick.debug.xcconfig */;
			buildSettings = {
				ASSETCATALOG_COMPILER_APPICON_NAME = AppIcon;
				CODE_SIGN_STYLE = Automatic;
				DEVELOPMENT_TEAM = ZVHNFV8S8B;
				INFOPLIST_FILE = UnitTestingWithQuick/Info.plist;
				LD_RUNPATH_SEARCH_PATHS = (
					"$(inherited)",
					"@executable_path/Frameworks",
				);
				PRODUCT_BUNDLE_IDENTIFIER = at.phatbl.UnitTestingWithQuick;
				PRODUCT_NAME = "$(TARGET_NAME)";
				SWIFT_VERSION = 5.0;
				TARGETED_DEVICE_FAMILY = "1,2";
			};
			name = Debug;
		};
		F8AE299324152A30007BCC0A /* Release */ = {
			isa = XCBuildConfiguration;
			baseConfigurationReference = 809938341C5917234DBCE22C /* Pods-UnitTestingWithQuick.release.xcconfig */;
			buildSettings = {
				ASSETCATALOG_COMPILER_APPICON_NAME = AppIcon;
				CODE_SIGN_STYLE = Automatic;
				DEVELOPMENT_TEAM = ZVHNFV8S8B;
				INFOPLIST_FILE = UnitTestingWithQuick/Info.plist;
				LD_RUNPATH_SEARCH_PATHS = (
					"$(inherited)",
					"@executable_path/Frameworks",
				);
				PRODUCT_BUNDLE_IDENTIFIER = at.phatbl.UnitTestingWithQuick;
				PRODUCT_NAME = "$(TARGET_NAME)";
				SWIFT_VERSION = 5.0;
				TARGETED_DEVICE_FAMILY = "1,2";
			};
			name = Release;
		};
		F8AE299524152A30007BCC0A /* Debug */ = {
			isa = XCBuildConfiguration;
			baseConfigurationReference = A2619FFB7B642017F483D2F7 /* Pods-UnitTestingWithQuickTests.debug.xcconfig */;
			buildSettings = {
				BUNDLE_LOADER = "$(TEST_HOST)";
				CODE_SIGN_STYLE = Automatic;
				DEVELOPMENT_TEAM = ZVHNFV8S8B;
				INFOPLIST_FILE = UnitTestingWithQuickTests/Info.plist;
				IPHONEOS_DEPLOYMENT_TARGET = 13.4;
				LD_RUNPATH_SEARCH_PATHS = (
					"$(inherited)",
					"@executable_path/Frameworks",
					"@loader_path/Frameworks",
				);
				PRODUCT_BUNDLE_IDENTIFIER = at.phatbl.UnitTestingWithQuickTests;
				PRODUCT_NAME = "$(TARGET_NAME)";
				SWIFT_VERSION = 5.0;
				TARGETED_DEVICE_FAMILY = "1,2";
				TEST_HOST = "$(BUILT_PRODUCTS_DIR)/UnitTestingWithQuick.app/UnitTestingWithQuick";
			};
			name = Debug;
		};
		F8AE299624152A30007BCC0A /* Release */ = {
			isa = XCBuildConfiguration;
			baseConfigurationReference = 8E6A39D41236A6D71FFBF5F6 /* Pods-UnitTestingWithQuickTests.release.xcconfig */;
			buildSettings = {
				BUNDLE_LOADER = "$(TEST_HOST)";
				CODE_SIGN_STYLE = Automatic;
				DEVELOPMENT_TEAM = ZVHNFV8S8B;
				INFOPLIST_FILE = UnitTestingWithQuickTests/Info.plist;
				IPHONEOS_DEPLOYMENT_TARGET = 13.4;
				LD_RUNPATH_SEARCH_PATHS = (
					"$(inherited)",
					"@executable_path/Frameworks",
					"@loader_path/Frameworks",
				);
				PRODUCT_BUNDLE_IDENTIFIER = at.phatbl.UnitTestingWithQuickTests;
				PRODUCT_NAME = "$(TARGET_NAME)";
				SWIFT_VERSION = 5.0;
				TARGETED_DEVICE_FAMILY = "1,2";
				TEST_HOST = "$(BUILT_PRODUCTS_DIR)/UnitTestingWithQuick.app/UnitTestingWithQuick";
			};
			name = Release;
		};
		F8AE299824152A30007BCC0A /* Debug */ = {
			isa = XCBuildConfiguration;
			baseConfigurationReference = 68A4F90A8255F4E8ACB5AE80 /* Pods-UnitTestingWithQuick-UnitTestingWithQuickUITests.debug.xcconfig */;
			buildSettings = {
				ALWAYS_EMBED_SWIFT_STANDARD_LIBRARIES = YES;
				CODE_SIGN_STYLE = Automatic;
				DEVELOPMENT_TEAM = ZVHNFV8S8B;
				INFOPLIST_FILE = UnitTestingWithQuickUITests/Info.plist;
				LD_RUNPATH_SEARCH_PATHS = (
					"$(inherited)",
					"@executable_path/Frameworks",
					"@loader_path/Frameworks",
				);
				PRODUCT_BUNDLE_IDENTIFIER = at.phatbl.UnitTestingWithQuickUITests;
				PRODUCT_NAME = "$(TARGET_NAME)";
				SWIFT_VERSION = 5.0;
				TARGETED_DEVICE_FAMILY = "1,2";
				TEST_TARGET_NAME = UnitTestingWithQuick;
			};
			name = Debug;
		};
		F8AE299924152A30007BCC0A /* Release */ = {
			isa = XCBuildConfiguration;
			baseConfigurationReference = 9C6A4397EA301965F4580EF7 /* Pods-UnitTestingWithQuick-UnitTestingWithQuickUITests.release.xcconfig */;
			buildSettings = {
				ALWAYS_EMBED_SWIFT_STANDARD_LIBRARIES = YES;
				CODE_SIGN_STYLE = Automatic;
				DEVELOPMENT_TEAM = ZVHNFV8S8B;
				INFOPLIST_FILE = UnitTestingWithQuickUITests/Info.plist;
				LD_RUNPATH_SEARCH_PATHS = (
					"$(inherited)",
					"@executable_path/Frameworks",
					"@loader_path/Frameworks",
				);
				PRODUCT_BUNDLE_IDENTIFIER = at.phatbl.UnitTestingWithQuickUITests;
				PRODUCT_NAME = "$(TARGET_NAME)";
				SWIFT_VERSION = 5.0;
				TARGETED_DEVICE_FAMILY = "1,2";
				TEST_TARGET_NAME = UnitTestingWithQuick;
			};
			name = Release;
		};
/* End XCBuildConfiguration section */

/* Begin XCConfigurationList section */
		F8AE296224152A2F007BCC0A /* Build configuration list for PBXProject "UnitTestingWithQuick" */ = {
			isa = XCConfigurationList;
			buildConfigurations = (
				F8AE298F24152A30007BCC0A /* Debug */,
				F8AE299024152A30007BCC0A /* Release */,
			);
			defaultConfigurationIsVisible = 0;
			defaultConfigurationName = Release;
		};
		F8AE299124152A30007BCC0A /* Build configuration list for PBXNativeTarget "UnitTestingWithQuick" */ = {
			isa = XCConfigurationList;
			buildConfigurations = (
				F8AE299224152A30007BCC0A /* Debug */,
				F8AE299324152A30007BCC0A /* Release */,
			);
			defaultConfigurationIsVisible = 0;
			defaultConfigurationName = Release;
		};
		F8AE299424152A30007BCC0A /* Build configuration list for PBXNativeTarget "UnitTestingWithQuickTests" */ = {
			isa = XCConfigurationList;
			buildConfigurations = (
				F8AE299524152A30007BCC0A /* Debug */,
				F8AE299624152A30007BCC0A /* Release */,
			);
			defaultConfigurationIsVisible = 0;
			defaultConfigurationName = Release;
		};
		F8AE299724152A30007BCC0A /* Build configuration list for PBXNativeTarget "UnitTestingWithQuickUITests" */ = {
			isa = XCConfigurationList;
			buildConfigurations = (
				F8AE299824152A30007BCC0A /* Debug */,
				F8AE299924152A30007BCC0A /* Release */,
			);
			defaultConfigurationIsVisible = 0;
			defaultConfigurationName = Release;
		};
/* End XCConfigurationList section */
	};
	rootObject = F8AE295F24152A2F007BCC0A /* Project object */;
}
